
Microsoft Visual Studio Solution File, Format Version 12.00
# Visual Studio Version 17
VisualStudioVersion = 17.10.34928.147
MinimumVisualStudioVersion = 10.0.40219.1
Project("{FAE04EC0-301F-11D3-BF4B-00C04F79EFBC}") = "Ispit.Model", "Ispit.Model\Ispit.Model.csproj", "{C11AFC4E-05BE-4B97-BC67-6515140804A5}"
EndProject
Project("{FAE04EC0-301F-11D3-BF4B-00C04F79EFBC}") = "Ispit.Konzola", "Ispit.Konzola\Ispit.Konzola.csproj", "{7845243C-AD67-4564-ADED-5A82D043AD36}"
EndProject
Global
	GlobalSection(SolutionConfigurationPlatforms) = preSolution
		Debug|Any CPU = Debug|Any CPU
		Release|Any CPU = Release|Any CPU
	EndGlobalSection
	GlobalSection(ProjectConfigurationPlatforms) = postSolution
		{C11AFC4E-05BE-4B97-BC67-6515140804A5}.Debug|Any CPU.ActiveCfg = Debug|Any CPU
		{C11AFC4E-05BE-4B97-BC67-6515140804A5}.Debug|Any CPU.Build.0 = Debug|Any CPU
		{C11AFC4E-05BE-4B97-BC67-6515140804A5}.Release|Any CPU.ActiveCfg = Release|Any CPU
		{C11AFC4E-05BE-4B97-BC67-6515140804A5}.Release|Any CPU.Build.0 = Release|Any CPU
		{7845243C-AD67-4564-ADED-5A82D043AD36}.Debug|Any CPU.ActiveCfg = Debug|Any CPU
		{7845243C-AD67-4564-ADED-5A82D043AD36}.Debug|Any CPU.Build.0 = Debug|Any CPU
		{7845243C-AD67-4564-ADED-5A82D043AD36}.Release|Any CPU.ActiveCfg = Release|Any CPU
		{7845243C-AD67-4564-ADED-5A82D043AD36}.Release|Any CPU.Build.0 = Release|Any CPU
	EndGlobalSection
	GlobalSection(SolutionProperties) = preSolution
		HideSolutionNode = FALSE
	EndGlobalSection
	GlobalSection(ExtensibilityGlobals) = postSolution
		SolutionGuid = {E8396B50-3A10-4D10-AA21-6758DAC6DB03}
	EndGlobalSection
EndGlobal
